
Microsoft Visual Studio Solution File, Format Version 12.00
# Visual Studio Version 17
VisualStudioVersion = 17.14.36623.8 d17.14
MinimumVisualStudioVersion = 10.0.40219.1
Project("{FAE04EC0-301F-11D3-BF4B-00C04F79EFBC}") = "exercicio_07_tp2", "exercicio_07_tp2.csproj", "{320AA55F-49CB-5A71-0FAD-3210FE92284D}"
EndProject
Global
	GlobalSection(SolutionConfigurationPlatforms) = preSolution
		Debug|Any CPU = Debug|Any CPU
		Release|Any CPU = Release|Any CPU
	EndGlobalSection
	GlobalSection(ProjectConfigurationPlatforms) = postSolution
		{320AA55F-49CB-5A71-0FAD-3210FE92284D}.Debug|Any CPU.ActiveCfg = Debug|Any CPU
		{320AA55F-49CB-5A71-0FAD-3210FE92284D}.Debug|Any CPU.Build.0 = Debug|Any CPU
		{320AA55F-49CB-5A71-0FAD-3210FE92284D}.Release|Any CPU.ActiveCfg = Release|Any CPU
		{320AA55F-49CB-5A71-0FAD-3210FE92284D}.Release|Any CPU.Build.0 = Release|Any CPU
	EndGlobalSection
	GlobalSection(SolutionProperties) = preSolution
		HideSolutionNode = FALSE
	EndGlobalSection
	GlobalSection(ExtensibilityGlobals) = postSolution
		SolutionGuid = {7DEA1587-B613-41CD-8FF2-F143E8C0524B}
	EndGlobalSection
EndGlobal
